// !$*UTF8*$!
{
	archiveVersion = 1;
	classes = {
	};
	objectVersion = 56;
	objects = {

/* Begin PBXBuildFile section */
		7B555E389C613E73F60F6F63 /* Pods_JGiphy_JGiphyTests.framework in Frameworks */ = {isa = PBXBuildFile; fileRef = C83D3BEBDA869F51648A98AF /* Pods_JGiphy_JGiphyTests.framework */; };
		8A76FFB3C78D6C0B6283AC55 /* Pods_JGiphy.framework in Frameworks */ = {isa = PBXBuildFile; fileRef = 7BA2273EC0B2AA38BD4B1AE8 /* Pods_JGiphy.framework */; };
		9C287AE42AAA77350010753D /* RandomRepository.swift in Sources */ = {isa = PBXBuildFile; fileRef = 9C287AE32AAA77350010753D /* RandomRepository.swift */; };
		9C287AE62AAA78020010753D /* Resquestable.swift in Sources */ = {isa = PBXBuildFile; fileRef = 9C287AE52AAA78020010753D /* Resquestable.swift */; };
		9C287AE92AAA78520010753D /* API.swift in Sources */ = {isa = PBXBuildFile; fileRef = 9C287AE82AAA78520010753D /* API.swift */; };
		9C287AEE2AAA7E2F0010753D /* RandomRepositoryTest.swift in Sources */ = {isa = PBXBuildFile; fileRef = 9C287AED2AAA7E2F0010753D /* RandomRepositoryTest.swift */; };
		9C287AF02AAA83330010753D /* RandomResponse.swift in Sources */ = {isa = PBXBuildFile; fileRef = 9C287AEF2AAA83330010753D /* RandomResponse.swift */; };
		9C287AF22AAA85320010753D /* SearchResponse.swift in Sources */ = {isa = PBXBuildFile; fileRef = 9C287AF12AAA85320010753D /* SearchResponse.swift */; };
		9C287AF42AAA85560010753D /* SearchRepository.swift in Sources */ = {isa = PBXBuildFile; fileRef = 9C287AF32AAA85560010753D /* SearchRepository.swift */; };
		9C287AF62AAA85A50010753D /* SearchRepositoryTest.swift in Sources */ = {isa = PBXBuildFile; fileRef = 9C287AF52AAA85A50010753D /* SearchRepositoryTest.swift */; };
		9C287AF82AAA870F0010753D /* ViewCodable.swift in Sources */ = {isa = PBXBuildFile; fileRef = 9C287AF72AAA870F0010753D /* ViewCodable.swift */; };
		9C287AFD2AAA87920010753D /* GIFView.swift in Sources */ = {isa = PBXBuildFile; fileRef = 9C287AFC2AAA87920010753D /* GIFView.swift */; };
		9C287AFF2AAA89B20010753D /* DesignSystem.swift in Sources */ = {isa = PBXBuildFile; fileRef = 9C287AFE2AAA89B20010753D /* DesignSystem.swift */; };
		9C66346C2AAA54A200DF925A /* MainRouter.swift in Sources */ = {isa = PBXBuildFile; fileRef = 9C66346B2AAA54A200DF925A /* MainRouter.swift */; };
		9C66346E2AAA54C700DF925A /* RouterProtocol.swift in Sources */ = {isa = PBXBuildFile; fileRef = 9C66346D2AAA54C700DF925A /* RouterProtocol.swift */; };
		9C6634732AAA6BCF00DF925A /* GIFModel.swift in Sources */ = {isa = PBXBuildFile; fileRef = 9C6634722AAA6BCF00DF925A /* GIFModel.swift */; };
		9C6634752AAA6CEE00DF925A /* MediaModel.swift in Sources */ = {isa = PBXBuildFile; fileRef = 9C6634742AAA6CEE00DF925A /* MediaModel.swift */; };
		9C667DCE2AAF86EB004DB832 /* searchEmpty.json in Resources */ = {isa = PBXBuildFile; fileRef = 9C667DCB2AAF86EB004DB832 /* searchEmpty.json */; };
		9C667DCF2AAF86EB004DB832 /* search.json in Resources */ = {isa = PBXBuildFile; fileRef = 9C667DCC2AAF86EB004DB832 /* search.json */; };
		9C667DD02AAF86EB004DB832 /* random.json in Resources */ = {isa = PBXBuildFile; fileRef = 9C667DCD2AAF86EB004DB832 /* random.json */; };
		9C667DD22AAF86F5004DB832 /* JSONFile.swift in Sources */ = {isa = PBXBuildFile; fileRef = 9C667DD12AAF86F5004DB832 /* JSONFile.swift */; };
		9C667DD42AAF8722004DB832 /* FileRepository.swift in Sources */ = {isa = PBXBuildFile; fileRef = 9C667DD32AAF8722004DB832 /* FileRepository.swift */; };
		9C667DD62AAF899E004DB832 /* SearchResponseTest.swift in Sources */ = {isa = PBXBuildFile; fileRef = 9C667DD52AAF899E004DB832 /* SearchResponseTest.swift */; };
		9C7306AC2AACF67200BC8290 /* MediaViewModelStub.swift in Sources */ = {isa = PBXBuildFile; fileRef = 9C7306AB2AACF67200BC8290 /* MediaViewModelStub.swift */; };
		9C92C38C2AADC21000A44E80 /* SearchController.swift in Sources */ = {isa = PBXBuildFile; fileRef = 9C92C38B2AADC21000A44E80 /* SearchController.swift */; };
		9C92C38E2AADC78000A44E80 /* FirstState.swift in Sources */ = {isa = PBXBuildFile; fileRef = 9C92C38D2AADC78000A44E80 /* FirstState.swift */; };
		9C92C3902AADD48400A44E80 /* XCTestCase+Extension.swift in Sources */ = {isa = PBXBuildFile; fileRef = 9C92C38F2AADD48400A44E80 /* XCTestCase+Extension.swift */; };
		9C92C3932AADEC4500A44E80 /* FirstViewControllerTest.swift in Sources */ = {isa = PBXBuildFile; fileRef = 9C92C3922AADEC4500A44E80 /* FirstViewControllerTest.swift */; };
		9C92C3952AADEC9B00A44E80 /* FakeFirstPresenter.swift in Sources */ = {isa = PBXBuildFile; fileRef = 9C92C3942AADEC9B00A44E80 /* FakeFirstPresenter.swift */; };
		9CC02D172AAF798D00CB87BA /* DetailPresenter.swift in Sources */ = {isa = PBXBuildFile; fileRef = 9CC02D162AAF798D00CB87BA /* DetailPresenter.swift */; };
		9CC02D192AAF799700CB87BA /* DetailViewController.swift in Sources */ = {isa = PBXBuildFile; fileRef = 9CC02D182AAF799700CB87BA /* DetailViewController.swift */; };
		9CC02D1B2AAF80E900CB87BA /* FakeFirstPresenterDelegate.swift in Sources */ = {isa = PBXBuildFile; fileRef = 9CC02D1A2AAF80E900CB87BA /* FakeFirstPresenterDelegate.swift */; };
		9CCCE5682AACBD890072FE6C /* RatingView.swift in Sources */ = {isa = PBXBuildFile; fileRef = 9CCCE5672AACBD890072FE6C /* RatingView.swift */; };
		9CCCE56A2AACD4F90072FE6C /* SearchInteractor.swift in Sources */ = {isa = PBXBuildFile; fileRef = 9CCCE5692AACD4F90072FE6C /* SearchInteractor.swift */; };
		9CCCE56C2AACD6050072FE6C /* SearchInteractorTest.swift in Sources */ = {isa = PBXBuildFile; fileRef = 9CCCE56B2AACD6050072FE6C /* SearchInteractorTest.swift */; };
		9CCCE5712AACD6AB0072FE6C /* FakeSearchInteractor.swift in Sources */ = {isa = PBXBuildFile; fileRef = 9CCCE56F2AACD6AB0072FE6C /* FakeSearchInteractor.swift */; };
		9CCCE5722AACD6AB0072FE6C /* FakeSearchRepository.swift in Sources */ = {isa = PBXBuildFile; fileRef = 9CCCE5702AACD6AB0072FE6C /* FakeSearchRepository.swift */; };
		9CCCE5742AACD8ED0072FE6C /* GIFCollectionView.swift in Sources */ = {isa = PBXBuildFile; fileRef = 9CCCE5732AACD8ED0072FE6C /* GIFCollectionView.swift */; };
		9CCCE5762AACE37E0072FE6C /* GIFCollectionViewCell.swift in Sources */ = {isa = PBXBuildFile; fileRef = 9CCCE5752AACE37E0072FE6C /* GIFCollectionViewCell.swift */; };
		9CCCE57A2AACE8450072FE6C /* Array+Extension.swift in Sources */ = {isa = PBXBuildFile; fileRef = 9CCCE5792AACE8450072FE6C /* Array+Extension.swift */; };
		9CCCE57C2AACEEF60072FE6C /* MediaViewModel.swift in Sources */ = {isa = PBXBuildFile; fileRef = 9CCCE57B2AACEEF60072FE6C /* MediaViewModel.swift */; };
		9CCCE57E2AACEFB30072FE6C /* String+Extension.swift in Sources */ = {isa = PBXBuildFile; fileRef = 9CCCE57D2AACEFB30072FE6C /* String+Extension.swift */; };
		9CCFCB302AAA4EE100071C69 /* AppDelegate.swift in Sources */ = {isa = PBXBuildFile; fileRef = 9CCFCB2F2AAA4EE100071C69 /* AppDelegate.swift */; };
		9CCFCB342AAA4EE100071C69 /* FirstViewController.swift in Sources */ = {isa = PBXBuildFile; fileRef = 9CCFCB332AAA4EE100071C69 /* FirstViewController.swift */; };
		9CCFCB392AAA4EE200071C69 /* Assets.xcassets in Resources */ = {isa = PBXBuildFile; fileRef = 9CCFCB382AAA4EE200071C69 /* Assets.xcassets */; };
		9CCFCB3C2AAA4EE200071C69 /* LaunchScreen.storyboard in Resources */ = {isa = PBXBuildFile; fileRef = 9CCFCB3A2AAA4EE200071C69 /* LaunchScreen.storyboard */; };
		9CCFCB472AAA4EE200071C69 /* RandomResponseTests.swift in Sources */ = {isa = PBXBuildFile; fileRef = 9CCFCB462AAA4EE200071C69 /* RandomResponseTests.swift */; };
		9CEAF65E2AAC3F060013D5C1 /* FirstPresenter.swift in Sources */ = {isa = PBXBuildFile; fileRef = 9CEAF65D2AAC3F060013D5C1 /* FirstPresenter.swift */; };
		9CEAF6612AAC3F9E0013D5C1 /* RandomInteractor.swift in Sources */ = {isa = PBXBuildFile; fileRef = 9CEAF6602AAC3F9E0013D5C1 /* RandomInteractor.swift */; };
		9CEAF6692AAC48630013D5C1 /* GIFViewModel.swift in Sources */ = {isa = PBXBuildFile; fileRef = 9CEAF6682AAC48630013D5C1 /* GIFViewModel.swift */; };
		9CEAF66C2AAC54110013D5C1 /* RandomInteractorTest.swift in Sources */ = {isa = PBXBuildFile; fileRef = 9CEAF66B2AAC54110013D5C1 /* RandomInteractorTest.swift */; };
		9CEAF6712AAC59270013D5C1 /* FakeRandomRepository.swift in Sources */ = {isa = PBXBuildFile; fileRef = 9CEAF6702AAC59270013D5C1 /* FakeRandomRepository.swift */; };
		9CEAF6762AAC59F80013D5C1 /* GIFModelStub.swift in Sources */ = {isa = PBXBuildFile; fileRef = 9CEAF6752AAC59F80013D5C1 /* GIFModelStub.swift */; };
		9CEAF6782AAC5A330013D5C1 /* MediaModelStub.swift in Sources */ = {isa = PBXBuildFile; fileRef = 9CEAF6772AAC5A330013D5C1 /* MediaModelStub.swift */; };
		9CEAF67C2AAC5B5D0013D5C1 /* FakeRequestable.swift in Sources */ = {isa = PBXBuildFile; fileRef = 9CEAF67B2AAC5B5D0013D5C1 /* FakeRequestable.swift */; };
		9CEAF6802AAC74150013D5C1 /* FakeRandomInteractor.swift in Sources */ = {isa = PBXBuildFile; fileRef = 9CEAF67F2AAC74150013D5C1 /* FakeRandomInteractor.swift */; };
		9CEAF6822AAC74850013D5C1 /* GIFViewModelStub.swift in Sources */ = {isa = PBXBuildFile; fileRef = 9CEAF6812AAC74850013D5C1 /* GIFViewModelStub.swift */; };
		9CEAF6872AAC75180013D5C1 /* FirstPresenterTest.swift in Sources */ = {isa = PBXBuildFile; fileRef = 9CEAF6862AAC75180013D5C1 /* FirstPresenterTest.swift */; };
		9CEAF68D2AAC78010013D5C1 /* GIFViewTest.swift in Sources */ = {isa = PBXBuildFile; fileRef = 9CEAF68C2AAC78010013D5C1 /* GIFViewTest.swift */; };
/* End PBXBuildFile section */

/* Begin PBXContainerItemProxy section */
		9CCFCB432AAA4EE200071C69 /* PBXContainerItemProxy */ = {
			isa = PBXContainerItemProxy;
			containerPortal = 9CCFCB242AAA4EE100071C69 /* Project object */;
			proxyType = 1;
			remoteGlobalIDString = 9CCFCB2B2AAA4EE100071C69;
			remoteInfo = JGiphy;
		};
/* End PBXContainerItemProxy section */

/* Begin PBXFileReference section */
		63907F2E93CA7CF3DD882333 /* Pods-JGiphy-JGiphyTests.debug.xcconfig */ = {isa = PBXFileReference; includeInIndex = 1; lastKnownFileType = text.xcconfig; name = "Pods-JGiphy-JGiphyTests.debug.xcconfig"; path = "Target Support Files/Pods-JGiphy-JGiphyTests/Pods-JGiphy-JGiphyTests.debug.xcconfig"; sourceTree = "<group>"; };
		7BA2273EC0B2AA38BD4B1AE8 /* Pods_JGiphy.framework */ = {isa = PBXFileReference; explicitFileType = wrapper.framework; includeInIndex = 0; path = Pods_JGiphy.framework; sourceTree = BUILT_PRODUCTS_DIR; };
		9C287AE32AAA77350010753D /* RandomRepository.swift */ = {isa = PBXFileReference; lastKnownFileType = sourcecode.swift; path = RandomRepository.swift; sourceTree = "<group>"; };
		9C287AE52AAA78020010753D /* Resquestable.swift */ = {isa = PBXFileReference; lastKnownFileType = sourcecode.swift; path = Resquestable.swift; sourceTree = "<group>"; };
		9C287AE82AAA78520010753D /* API.swift */ = {isa = PBXFileReference; lastKnownFileType = sourcecode.swift; path = API.swift; sourceTree = "<group>"; };
		9C287AED2AAA7E2F0010753D /* RandomRepositoryTest.swift */ = {isa = PBXFileReference; lastKnownFileType = sourcecode.swift; path = RandomRepositoryTest.swift; sourceTree = "<group>"; };
		9C287AEF2AAA83330010753D /* RandomResponse.swift */ = {isa = PBXFileReference; lastKnownFileType = sourcecode.swift; path = RandomResponse.swift; sourceTree = "<group>"; };
		9C287AF12AAA85320010753D /* SearchResponse.swift */ = {isa = PBXFileReference; lastKnownFileType = sourcecode.swift; path = SearchResponse.swift; sourceTree = "<group>"; };
		9C287AF32AAA85560010753D /* SearchRepository.swift */ = {isa = PBXFileReference; lastKnownFileType = sourcecode.swift; path = SearchRepository.swift; sourceTree = "<group>"; };
		9C287AF52AAA85A50010753D /* SearchRepositoryTest.swift */ = {isa = PBXFileReference; lastKnownFileType = sourcecode.swift; path = SearchRepositoryTest.swift; sourceTree = "<group>"; };
		9C287AF72AAA870F0010753D /* ViewCodable.swift */ = {isa = PBXFileReference; lastKnownFileType = sourcecode.swift; path = ViewCodable.swift; sourceTree = "<group>"; };
		9C287AFC2AAA87920010753D /* GIFView.swift */ = {isa = PBXFileReference; lastKnownFileType = sourcecode.swift; path = GIFView.swift; sourceTree = "<group>"; };
		9C287AFE2AAA89B20010753D /* DesignSystem.swift */ = {isa = PBXFileReference; lastKnownFileType = sourcecode.swift; path = DesignSystem.swift; sourceTree = "<group>"; };
		9C66346B2AAA54A200DF925A /* MainRouter.swift */ = {isa = PBXFileReference; lastKnownFileType = sourcecode.swift; path = MainRouter.swift; sourceTree = "<group>"; };
		9C66346D2AAA54C700DF925A /* RouterProtocol.swift */ = {isa = PBXFileReference; lastKnownFileType = sourcecode.swift; path = RouterProtocol.swift; sourceTree = "<group>"; };
		9C6634722AAA6BCF00DF925A /* GIFModel.swift */ = {isa = PBXFileReference; lastKnownFileType = sourcecode.swift; path = GIFModel.swift; sourceTree = "<group>"; };
		9C6634742AAA6CEE00DF925A /* MediaModel.swift */ = {isa = PBXFileReference; lastKnownFileType = sourcecode.swift; path = MediaModel.swift; sourceTree = "<group>"; };
		9C667DCB2AAF86EB004DB832 /* searchEmpty.json */ = {isa = PBXFileReference; fileEncoding = 4; lastKnownFileType = text.json; path = searchEmpty.json; sourceTree = "<group>"; };
		9C667DCC2AAF86EB004DB832 /* search.json */ = {isa = PBXFileReference; fileEncoding = 4; lastKnownFileType = text.json; path = search.json; sourceTree = "<group>"; };
		9C667DCD2AAF86EB004DB832 /* random.json */ = {isa = PBXFileReference; fileEncoding = 4; lastKnownFileType = text.json; path = random.json; sourceTree = "<group>"; };
		9C667DD12AAF86F5004DB832 /* JSONFile.swift */ = {isa = PBXFileReference; lastKnownFileType = sourcecode.swift; path = JSONFile.swift; sourceTree = "<group>"; };
		9C667DD32AAF8722004DB832 /* FileRepository.swift */ = {isa = PBXFileReference; lastKnownFileType = sourcecode.swift; path = FileRepository.swift; sourceTree = "<group>"; };
		9C667DD52AAF899E004DB832 /* SearchResponseTest.swift */ = {isa = PBXFileReference; lastKnownFileType = sourcecode.swift; path = SearchResponseTest.swift; sourceTree = "<group>"; };
		9C7306AB2AACF67200BC8290 /* MediaViewModelStub.swift */ = {isa = PBXFileReference; lastKnownFileType = sourcecode.swift; path = MediaViewModelStub.swift; sourceTree = "<group>"; };
		9C92C38B2AADC21000A44E80 /* SearchController.swift */ = {isa = PBXFileReference; lastKnownFileType = sourcecode.swift; path = SearchController.swift; sourceTree = "<group>"; };
		9C92C38D2AADC78000A44E80 /* FirstState.swift */ = {isa = PBXFileReference; lastKnownFileType = sourcecode.swift; path = FirstState.swift; sourceTree = "<group>"; };
		9C92C38F2AADD48400A44E80 /* XCTestCase+Extension.swift */ = {isa = PBXFileReference; lastKnownFileType = sourcecode.swift; path = "XCTestCase+Extension.swift"; sourceTree = "<group>"; };
		9C92C3922AADEC4500A44E80 /* FirstViewControllerTest.swift */ = {isa = PBXFileReference; lastKnownFileType = sourcecode.swift; path = FirstViewControllerTest.swift; sourceTree = "<group>"; };
		9C92C3942AADEC9B00A44E80 /* FakeFirstPresenter.swift */ = {isa = PBXFileReference; lastKnownFileType = sourcecode.swift; path = FakeFirstPresenter.swift; sourceTree = "<group>"; };
		9CC02D162AAF798D00CB87BA /* DetailPresenter.swift */ = {isa = PBXFileReference; lastKnownFileType = sourcecode.swift; path = DetailPresenter.swift; sourceTree = "<group>"; };
		9CC02D182AAF799700CB87BA /* DetailViewController.swift */ = {isa = PBXFileReference; lastKnownFileType = sourcecode.swift; path = DetailViewController.swift; sourceTree = "<group>"; };
		9CC02D1A2AAF80E900CB87BA /* FakeFirstPresenterDelegate.swift */ = {isa = PBXFileReference; lastKnownFileType = sourcecode.swift; path = FakeFirstPresenterDelegate.swift; sourceTree = "<group>"; };
		9CCCE5672AACBD890072FE6C /* RatingView.swift */ = {isa = PBXFileReference; lastKnownFileType = sourcecode.swift; path = RatingView.swift; sourceTree = "<group>"; };
		9CCCE5692AACD4F90072FE6C /* SearchInteractor.swift */ = {isa = PBXFileReference; lastKnownFileType = sourcecode.swift; path = SearchInteractor.swift; sourceTree = "<group>"; };
		9CCCE56B2AACD6050072FE6C /* SearchInteractorTest.swift */ = {isa = PBXFileReference; lastKnownFileType = sourcecode.swift; path = SearchInteractorTest.swift; sourceTree = "<group>"; };
		9CCCE56F2AACD6AB0072FE6C /* FakeSearchInteractor.swift */ = {isa = PBXFileReference; fileEncoding = 4; lastKnownFileType = sourcecode.swift; path = FakeSearchInteractor.swift; sourceTree = "<group>"; };
		9CCCE5702AACD6AB0072FE6C /* FakeSearchRepository.swift */ = {isa = PBXFileReference; fileEncoding = 4; lastKnownFileType = sourcecode.swift; path = FakeSearchRepository.swift; sourceTree = "<group>"; };
		9CCCE5732AACD8ED0072FE6C /* GIFCollectionView.swift */ = {isa = PBXFileReference; lastKnownFileType = sourcecode.swift; path = GIFCollectionView.swift; sourceTree = "<group>"; };
		9CCCE5752AACE37E0072FE6C /* GIFCollectionViewCell.swift */ = {isa = PBXFileReference; lastKnownFileType = sourcecode.swift; path = GIFCollectionViewCell.swift; sourceTree = "<group>"; };
		9CCCE5792AACE8450072FE6C /* Array+Extension.swift */ = {isa = PBXFileReference; lastKnownFileType = sourcecode.swift; path = "Array+Extension.swift"; sourceTree = "<group>"; };
		9CCCE57B2AACEEF60072FE6C /* MediaViewModel.swift */ = {isa = PBXFileReference; lastKnownFileType = sourcecode.swift; path = MediaViewModel.swift; sourceTree = "<group>"; };
		9CCCE57D2AACEFB30072FE6C /* String+Extension.swift */ = {isa = PBXFileReference; lastKnownFileType = sourcecode.swift; path = "String+Extension.swift"; sourceTree = "<group>"; };
		9CCFCB2C2AAA4EE100071C69 /* JGiphy.app */ = {isa = PBXFileReference; explicitFileType = wrapper.application; includeInIndex = 0; path = JGiphy.app; sourceTree = BUILT_PRODUCTS_DIR; };
		9CCFCB2F2AAA4EE100071C69 /* AppDelegate.swift */ = {isa = PBXFileReference; lastKnownFileType = sourcecode.swift; path = AppDelegate.swift; sourceTree = "<group>"; };
		9CCFCB332AAA4EE100071C69 /* FirstViewController.swift */ = {isa = PBXFileReference; lastKnownFileType = sourcecode.swift; path = FirstViewController.swift; sourceTree = "<group>"; };
		9CCFCB382AAA4EE200071C69 /* Assets.xcassets */ = {isa = PBXFileReference; lastKnownFileType = folder.assetcatalog; path = Assets.xcassets; sourceTree = "<group>"; };
		9CCFCB3B2AAA4EE200071C69 /* Base */ = {isa = PBXFileReference; lastKnownFileType = file.storyboard; name = Base; path = Base.lproj/LaunchScreen.storyboard; sourceTree = "<group>"; };
		9CCFCB3D2AAA4EE200071C69 /* Info.plist */ = {isa = PBXFileReference; lastKnownFileType = text.plist.xml; path = Info.plist; sourceTree = "<group>"; };
		9CCFCB422AAA4EE200071C69 /* JGiphyTests.xctest */ = {isa = PBXFileReference; explicitFileType = wrapper.cfbundle; includeInIndex = 0; path = JGiphyTests.xctest; sourceTree = BUILT_PRODUCTS_DIR; };
		9CCFCB462AAA4EE200071C69 /* RandomResponseTests.swift */ = {isa = PBXFileReference; lastKnownFileType = sourcecode.swift; path = RandomResponseTests.swift; sourceTree = "<group>"; };
		9CEAF65D2AAC3F060013D5C1 /* FirstPresenter.swift */ = {isa = PBXFileReference; lastKnownFileType = sourcecode.swift; path = FirstPresenter.swift; sourceTree = "<group>"; };
		9CEAF6602AAC3F9E0013D5C1 /* RandomInteractor.swift */ = {isa = PBXFileReference; lastKnownFileType = sourcecode.swift; path = RandomInteractor.swift; sourceTree = "<group>"; };
		9CEAF6682AAC48630013D5C1 /* GIFViewModel.swift */ = {isa = PBXFileReference; lastKnownFileType = sourcecode.swift; path = GIFViewModel.swift; sourceTree = "<group>"; };
		9CEAF66B2AAC54110013D5C1 /* RandomInteractorTest.swift */ = {isa = PBXFileReference; lastKnownFileType = sourcecode.swift; path = RandomInteractorTest.swift; sourceTree = "<group>"; };
		9CEAF6702AAC59270013D5C1 /* FakeRandomRepository.swift */ = {isa = PBXFileReference; lastKnownFileType = sourcecode.swift; path = FakeRandomRepository.swift; sourceTree = "<group>"; };
		9CEAF6752AAC59F80013D5C1 /* GIFModelStub.swift */ = {isa = PBXFileReference; lastKnownFileType = sourcecode.swift; path = GIFModelStub.swift; sourceTree = "<group>"; };
		9CEAF6772AAC5A330013D5C1 /* MediaModelStub.swift */ = {isa = PBXFileReference; lastKnownFileType = sourcecode.swift; path = MediaModelStub.swift; sourceTree = "<group>"; };
		9CEAF67B2AAC5B5D0013D5C1 /* FakeRequestable.swift */ = {isa = PBXFileReference; lastKnownFileType = sourcecode.swift; path = FakeRequestable.swift; sourceTree = "<group>"; };
		9CEAF67F2AAC74150013D5C1 /* FakeRandomInteractor.swift */ = {isa = PBXFileReference; lastKnownFileType = sourcecode.swift; path = FakeRandomInteractor.swift; sourceTree = "<group>"; };
		9CEAF6812AAC74850013D5C1 /* GIFViewModelStub.swift */ = {isa = PBXFileReference; lastKnownFileType = sourcecode.swift; path = GIFViewModelStub.swift; sourceTree = "<group>"; };
		9CEAF6862AAC75180013D5C1 /* FirstPresenterTest.swift */ = {isa = PBXFileReference; lastKnownFileType = sourcecode.swift; path = FirstPresenterTest.swift; sourceTree = "<group>"; };
		9CEAF68C2AAC78010013D5C1 /* GIFViewTest.swift */ = {isa = PBXFileReference; lastKnownFileType = sourcecode.swift; path = GIFViewTest.swift; sourceTree = "<group>"; };
		AA1ED14B8A726DE1BD3C3F71 /* Pods-JGiphy.debug.xcconfig */ = {isa = PBXFileReference; includeInIndex = 1; lastKnownFileType = text.xcconfig; name = "Pods-JGiphy.debug.xcconfig"; path = "Target Support Files/Pods-JGiphy/Pods-JGiphy.debug.xcconfig"; sourceTree = "<group>"; };
		C5DF721AE86E13F0FBD21B45 /* Pods-JGiphy-JGiphyTests.release.xcconfig */ = {isa = PBXFileReference; includeInIndex = 1; lastKnownFileType = text.xcconfig; name = "Pods-JGiphy-JGiphyTests.release.xcconfig"; path = "Target Support Files/Pods-JGiphy-JGiphyTests/Pods-JGiphy-JGiphyTests.release.xcconfig"; sourceTree = "<group>"; };
		C83D3BEBDA869F51648A98AF /* Pods_JGiphy_JGiphyTests.framework */ = {isa = PBXFileReference; explicitFileType = wrapper.framework; includeInIndex = 0; path = Pods_JGiphy_JGiphyTests.framework; sourceTree = BUILT_PRODUCTS_DIR; };
		FAE59969DFEF8FF4A3EF1419 /* Pods-JGiphy.release.xcconfig */ = {isa = PBXFileReference; includeInIndex = 1; lastKnownFileType = text.xcconfig; name = "Pods-JGiphy.release.xcconfig"; path = "Target Support Files/Pods-JGiphy/Pods-JGiphy.release.xcconfig"; sourceTree = "<group>"; };
/* End PBXFileReference section */

/* Begin PBXFrameworksBuildPhase section */
		9CCFCB292AAA4EE100071C69 /* Frameworks */ = {
			isa = PBXFrameworksBuildPhase;
			buildActionMask = 2147483647;
			files = (
				8A76FFB3C78D6C0B6283AC55 /* Pods_JGiphy.framework in Frameworks */,
			);
			runOnlyForDeploymentPostprocessing = 0;
		};
		9CCFCB3F2AAA4EE200071C69 /* Frameworks */ = {
			isa = PBXFrameworksBuildPhase;
			buildActionMask = 2147483647;
			files = (
				7B555E389C613E73F60F6F63 /* Pods_JGiphy_JGiphyTests.framework in Frameworks */,
			);
			runOnlyForDeploymentPostprocessing = 0;
		};
/* End PBXFrameworksBuildPhase section */

/* Begin PBXGroup section */
		5C3E55645AFD750616206BA5 /* Pods */ = {
			isa = PBXGroup;
			children = (
				AA1ED14B8A726DE1BD3C3F71 /* Pods-JGiphy.debug.xcconfig */,
				FAE59969DFEF8FF4A3EF1419 /* Pods-JGiphy.release.xcconfig */,
				63907F2E93CA7CF3DD882333 /* Pods-JGiphy-JGiphyTests.debug.xcconfig */,
				C5DF721AE86E13F0FBD21B45 /* Pods-JGiphy-JGiphyTests.release.xcconfig */,
			);
			path = Pods;
			sourceTree = "<group>";
		};
		9C287AE72AAA78300010753D /* API */ = {
			isa = PBXGroup;
			children = (
				9C287AE52AAA78020010753D /* Resquestable.swift */,
				9C287AE82AAA78520010753D /* API.swift */,
			);
			path = API;
			sourceTree = "<group>";
		};
		9C6634692AAA4F6600DF925A /* View */ = {
			isa = PBXGroup;
			children = (
				9CCFCB332AAA4EE100071C69 /* FirstViewController.swift */,
			);
			path = View;
			sourceTree = "<group>";
		};
		9C66346A2AAA549A00DF925A /* Router */ = {
			isa = PBXGroup;
			children = (
				9C66346B2AAA54A200DF925A /* MainRouter.swift */,
				9C66346D2AAA54C700DF925A /* RouterProtocol.swift */,
			);
			path = Router;
			sourceTree = "<group>";
		};
		9C6634712AAA6ADF00DF925A /* Repository */ = {
			isa = PBXGroup;
			children = (
				9C287AE72AAA78300010753D /* API */,
				9C6634772AAA726A00DF925A /* Model */,
				9C287AE32AAA77350010753D /* RandomRepository.swift */,
				9C287AF32AAA85560010753D /* SearchRepository.swift */,
			);
			path = Repository;
			sourceTree = "<group>";
		};
		9C6634772AAA726A00DF925A /* Model */ = {
			isa = PBXGroup;
			children = (
				9C6634722AAA6BCF00DF925A /* GIFModel.swift */,
				9C6634742AAA6CEE00DF925A /* MediaModel.swift */,
				9C287AEF2AAA83330010753D /* RandomResponse.swift */,
				9C287AF12AAA85320010753D /* SearchResponse.swift */,
			);
			path = Model;
			sourceTree = "<group>";
		};
		9C667DCA2AAF86EB004DB832 /* JSON */ = {
			isa = PBXGroup;
			children = (
				9C667DCB2AAF86EB004DB832 /* searchEmpty.json */,
				9C667DCC2AAF86EB004DB832 /* search.json */,
				9C667DCD2AAF86EB004DB832 /* random.json */,
				9C667DD12AAF86F5004DB832 /* JSONFile.swift */,
			);
			path = JSON;
			sourceTree = "<group>";
		};
		9C92C3912AADD4A000A44E80 /* Util */ = {
			isa = PBXGroup;
			children = (
				9C667DD32AAF8722004DB832 /* FileRepository.swift */,
				9C92C38F2AADD48400A44E80 /* XCTestCase+Extension.swift */,
			);
			path = Util;
			sourceTree = "<group>";
		};
		9CC02D112AAF78C100CB87BA /* Detail */ = {
			isa = PBXGroup;
			children = (
				9CC02D142AAF797500CB87BA /* Presenter */,
				9CC02D152AAF797D00CB87BA /* View */,
			);
			path = Detail;
			sourceTree = "<group>";
		};
		9CC02D142AAF797500CB87BA /* Presenter */ = {
			isa = PBXGroup;
			children = (
				9CC02D162AAF798D00CB87BA /* DetailPresenter.swift */,
			);
			path = Presenter;
			sourceTree = "<group>";
		};
		9CC02D152AAF797D00CB87BA /* View */ = {
			isa = PBXGroup;
			children = (
				9CC02D182AAF799700CB87BA /* DetailViewController.swift */,
			);
			path = View;
			sourceTree = "<group>";
		};
		9CCCE56E2AACD6AB0072FE6C /* Fake */ = {
			isa = PBXGroup;
			children = (
				9CCCE56F2AACD6AB0072FE6C /* FakeSearchInteractor.swift */,
				9CCCE5702AACD6AB0072FE6C /* FakeSearchRepository.swift */,
			);
			path = Fake;
			sourceTree = "<group>";
		};
		9CCCE5782AACE8360072FE6C /* Util */ = {
			isa = PBXGroup;
			children = (
				9CCCE5792AACE8450072FE6C /* Array+Extension.swift */,
				9CCCE57D2AACEFB30072FE6C /* String+Extension.swift */,
			);
			path = Util;
			sourceTree = "<group>";
		};
		9CCFCB232AAA4EE100071C69 = {
			isa = PBXGroup;
			children = (
				9CCFCB2E2AAA4EE100071C69 /* JGiphy */,
				9CCFCB452AAA4EE200071C69 /* JGiphyTests */,
				9CCFCB2D2AAA4EE100071C69 /* Products */,
				5C3E55645AFD750616206BA5 /* Pods */,
				CC384F0A8266EEA80F5E1316 /* Frameworks */,
			);
			sourceTree = "<group>";
		};
		9CCFCB2D2AAA4EE100071C69 /* Products */ = {
			isa = PBXGroup;
			children = (
				9CCFCB2C2AAA4EE100071C69 /* JGiphy.app */,
				9CCFCB422AAA4EE200071C69 /* JGiphyTests.xctest */,
			);
			name = Products;
			sourceTree = "<group>";
		};
		9CCFCB2E2AAA4EE100071C69 /* JGiphy */ = {
			isa = PBXGroup;
			children = (
				9CCCE5782AACE8360072FE6C /* Util */,
				9CEAF65F2AAC3F960013D5C1 /* Interactor */,
				9C66346A2AAA549A00DF925A /* Router */,
				9CEAF6672AAC48590013D5C1 /* ViewModel */,
				9CEAF65B2AAC3EE50013D5C1 /* View */,
				9CEAF65A2AAC3ED10013D5C1 /* First */,
				9CC02D112AAF78C100CB87BA /* Detail */,
				9CCFCB2F2AAA4EE100071C69 /* AppDelegate.swift */,
				9CCFCB382AAA4EE200071C69 /* Assets.xcassets */,
				9CCFCB3D2AAA4EE200071C69 /* Info.plist */,
				9CCFCB3A2AAA4EE200071C69 /* LaunchScreen.storyboard */,
			);
			path = JGiphy;
			sourceTree = "<group>";
		};
		9CCFCB452AAA4EE200071C69 /* JGiphyTests */ = {
			isa = PBXGroup;
			children = (
				9CEAF6832AAC74F50013D5C1 /* Fake */,
				9CEAF6852AAC75060013D5C1 /* First */,
				9CEAF66A2AAC53990013D5C1 /* Random */,
				9CEAF6882AAC753F0013D5C1 /* Search */,
				9CEAF6842AAC74FB0013D5C1 /* Stub */,
				9C92C3912AADD4A000A44E80 /* Util */,
				9CEAF68C2AAC78010013D5C1 /* GIFViewTest.swift */,
			);
			path = JGiphyTests;
			sourceTree = "<group>";
		};
		9CEAF65A2AAC3ED10013D5C1 /* First */ = {
			isa = PBXGroup;
			children = (
				9CEAF65C2AAC3EFE0013D5C1 /* Presenter */,
				9C6634692AAA4F6600DF925A /* View */,
			);
			path = First;
			sourceTree = "<group>";
		};
		9CEAF65B2AAC3EE50013D5C1 /* View */ = {
			isa = PBXGroup;
			children = (
				9C287AFE2AAA89B20010753D /* DesignSystem.swift */,
				9CCCE5732AACD8ED0072FE6C /* GIFCollectionView.swift */,
				9CCCE5752AACE37E0072FE6C /* GIFCollectionViewCell.swift */,
				9C287AFC2AAA87920010753D /* GIFView.swift */,
				9CCCE5672AACBD890072FE6C /* RatingView.swift */,
				9C92C38B2AADC21000A44E80 /* SearchController.swift */,
				9C287AF72AAA870F0010753D /* ViewCodable.swift */,
			);
			path = View;
			sourceTree = "<group>";
		};
		9CEAF65C2AAC3EFE0013D5C1 /* Presenter */ = {
			isa = PBXGroup;
			children = (
				9CEAF65D2AAC3F060013D5C1 /* FirstPresenter.swift */,
				9C92C38D2AADC78000A44E80 /* FirstState.swift */,
			);
			path = Presenter;
			sourceTree = "<group>";
		};
		9CEAF65F2AAC3F960013D5C1 /* Interactor */ = {
			isa = PBXGroup;
			children = (
				9C6634712AAA6ADF00DF925A /* Repository */,
				9CEAF6602AAC3F9E0013D5C1 /* RandomInteractor.swift */,
				9CCCE5692AACD4F90072FE6C /* SearchInteractor.swift */,
			);
			path = Interactor;
			sourceTree = "<group>";
		};
		9CEAF6672AAC48590013D5C1 /* ViewModel */ = {
			isa = PBXGroup;
			children = (
				9CEAF6682AAC48630013D5C1 /* GIFViewModel.swift */,
				9CCCE57B2AACEEF60072FE6C /* MediaViewModel.swift */,
			);
			path = ViewModel;
			sourceTree = "<group>";
		};
		9CEAF66A2AAC53990013D5C1 /* Random */ = {
			isa = PBXGroup;
			children = (
				9CEAF66D2AAC544C0013D5C1 /* Fake */,
				9CEAF66B2AAC54110013D5C1 /* RandomInteractorTest.swift */,
				9C287AED2AAA7E2F0010753D /* RandomRepositoryTest.swift */,
				9CCFCB462AAA4EE200071C69 /* RandomResponseTests.swift */,
			);
			path = Random;
			sourceTree = "<group>";
		};
		9CEAF66D2AAC544C0013D5C1 /* Fake */ = {
			isa = PBXGroup;
			children = (
				9CEAF6702AAC59270013D5C1 /* FakeRandomRepository.swift */,
				9CEAF67F2AAC74150013D5C1 /* FakeRandomInteractor.swift */,
			);
			path = Fake;
			sourceTree = "<group>";
		};
		9CEAF6832AAC74F50013D5C1 /* Fake */ = {
			isa = PBXGroup;
			children = (
				9CEAF67B2AAC5B5D0013D5C1 /* FakeRequestable.swift */,
				9CC02D1A2AAF80E900CB87BA /* FakeFirstPresenterDelegate.swift */,
			);
			path = Fake;
			sourceTree = "<group>";
		};
		9CEAF6842AAC74FB0013D5C1 /* Stub */ = {
			isa = PBXGroup;
			children = (
				9C667DCA2AAF86EB004DB832 /* JSON */,
				9CEAF6752AAC59F80013D5C1 /* GIFModelStub.swift */,
				9CEAF6812AAC74850013D5C1 /* GIFViewModelStub.swift */,
				9CEAF6772AAC5A330013D5C1 /* MediaModelStub.swift */,
				9C7306AB2AACF67200BC8290 /* MediaViewModelStub.swift */,
			);
			path = Stub;
			sourceTree = "<group>";
		};
		9CEAF6852AAC75060013D5C1 /* First */ = {
			isa = PBXGroup;
			children = (
				9CEAF6892AAC75E00013D5C1 /* Fake */,
				9CEAF6862AAC75180013D5C1 /* FirstPresenterTest.swift */,
				9C92C3922AADEC4500A44E80 /* FirstViewControllerTest.swift */,
			);
			path = First;
			sourceTree = "<group>";
		};
		9CEAF6882AAC753F0013D5C1 /* Search */ = {
			isa = PBXGroup;
			children = (
				9CCCE56E2AACD6AB0072FE6C /* Fake */,
				9C287AF52AAA85A50010753D /* SearchRepositoryTest.swift */,
				9CCCE56B2AACD6050072FE6C /* SearchInteractorTest.swift */,
				9C667DD52AAF899E004DB832 /* SearchResponseTest.swift */,
			);
			path = Search;
			sourceTree = "<group>";
		};
		9CEAF6892AAC75E00013D5C1 /* Fake */ = {
			isa = PBXGroup;
			children = (
				9C92C3942AADEC9B00A44E80 /* FakeFirstPresenter.swift */,
			);
			path = Fake;
			sourceTree = "<group>";
		};
		CC384F0A8266EEA80F5E1316 /* Frameworks */ = {
			isa = PBXGroup;
			children = (
				7BA2273EC0B2AA38BD4B1AE8 /* Pods_JGiphy.framework */,
				C83D3BEBDA869F51648A98AF /* Pods_JGiphy_JGiphyTests.framework */,
			);
			name = Frameworks;
			sourceTree = "<group>";
		};
/* End PBXGroup section */

/* Begin PBXNativeTarget section */
		9CCFCB2B2AAA4EE100071C69 /* JGiphy */ = {
			isa = PBXNativeTarget;
			buildConfigurationList = 9CCFCB562AAA4EE200071C69 /* Build configuration list for PBXNativeTarget "JGiphy" */;
			buildPhases = (
				49D8A284E81E9741A7718D85 /* [CP] Check Pods Manifest.lock */,
				9CCFCB282AAA4EE100071C69 /* Sources */,
				9CCFCB292AAA4EE100071C69 /* Frameworks */,
				9CCFCB2A2AAA4EE100071C69 /* Resources */,
				9B1BD4E68EE4499CF0CF6A20 /* [CP] Embed Pods Frameworks */,
			);
			buildRules = (
			);
			dependencies = (
			);
			name = JGiphy;
			productName = JGiphy;
			productReference = 9CCFCB2C2AAA4EE100071C69 /* JGiphy.app */;
			productType = "com.apple.product-type.application";
		};
		9CCFCB412AAA4EE200071C69 /* JGiphyTests */ = {
			isa = PBXNativeTarget;
			buildConfigurationList = 9CCFCB592AAA4EE200071C69 /* Build configuration list for PBXNativeTarget "JGiphyTests" */;
			buildPhases = (
				A8E16838829078D43DC60CBA /* [CP] Check Pods Manifest.lock */,
				9CCFCB3E2AAA4EE200071C69 /* Sources */,
				9CCFCB3F2AAA4EE200071C69 /* Frameworks */,
				9CCFCB402AAA4EE200071C69 /* Resources */,
				2F36F6CB7CDF5BF5C7E4F5A3 /* [CP] Embed Pods Frameworks */,
			);
			buildRules = (
			);
			dependencies = (
				9CCFCB442AAA4EE200071C69 /* PBXTargetDependency */,
			);
			name = JGiphyTests;
			productName = JGiphyTests;
			productReference = 9CCFCB422AAA4EE200071C69 /* JGiphyTests.xctest */;
			productType = "com.apple.product-type.bundle.unit-test";
		};
/* End PBXNativeTarget section */

/* Begin PBXProject section */
		9CCFCB242AAA4EE100071C69 /* Project object */ = {
			isa = PBXProject;
			attributes = {
				BuildIndependentTargetsInParallel = 1;
				LastSwiftUpdateCheck = 1430;
				LastUpgradeCheck = 1430;
				TargetAttributes = {
					9CCFCB2B2AAA4EE100071C69 = {
						CreatedOnToolsVersion = 14.3;
					};
					9CCFCB412AAA4EE200071C69 = {
						CreatedOnToolsVersion = 14.3;
						TestTargetID = 9CCFCB2B2AAA4EE100071C69;
					};
				};
			};
			buildConfigurationList = 9CCFCB272AAA4EE100071C69 /* Build configuration list for PBXProject "JGiphy" */;
			compatibilityVersion = "Xcode 14.0";
			developmentRegion = en;
			hasScannedForEncodings = 0;
			knownRegions = (
				en,
				Base,
			);
			mainGroup = 9CCFCB232AAA4EE100071C69;
			productRefGroup = 9CCFCB2D2AAA4EE100071C69 /* Products */;
			projectDirPath = "";
			projectRoot = "";
			targets = (
				9CCFCB2B2AAA4EE100071C69 /* JGiphy */,
				9CCFCB412AAA4EE200071C69 /* JGiphyTests */,
			);
		};
/* End PBXProject section */

/* Begin PBXResourcesBuildPhase section */
		9CCFCB2A2AAA4EE100071C69 /* Resources */ = {
			isa = PBXResourcesBuildPhase;
			buildActionMask = 2147483647;
			files = (
				9CCFCB3C2AAA4EE200071C69 /* LaunchScreen.storyboard in Resources */,
				9CCFCB392AAA4EE200071C69 /* Assets.xcassets in Resources */,
			);
			runOnlyForDeploymentPostprocessing = 0;
		};
		9CCFCB402AAA4EE200071C69 /* Resources */ = {
			isa = PBXResourcesBuildPhase;
			buildActionMask = 2147483647;
			files = (
				9C667DD02AAF86EB004DB832 /* random.json in Resources */,
				9C667DCE2AAF86EB004DB832 /* searchEmpty.json in Resources */,
				9C667DCF2AAF86EB004DB832 /* search.json in Resources */,
			);
			runOnlyForDeploymentPostprocessing = 0;
		};
/* End PBXResourcesBuildPhase section */

/* Begin PBXShellScriptBuildPhase section */
		2F36F6CB7CDF5BF5C7E4F5A3 /* [CP] Embed Pods Frameworks */ = {
			isa = PBXShellScriptBuildPhase;
			buildActionMask = 2147483647;
			files = (
			);
			inputFileListPaths = (
				"${PODS_ROOT}/Target Support Files/Pods-JGiphy-JGiphyTests/Pods-JGiphy-JGiphyTests-frameworks-${CONFIGURATION}-input-files.xcfilelist",
			);
			name = "[CP] Embed Pods Frameworks";
			outputFileListPaths = (
				"${PODS_ROOT}/Target Support Files/Pods-JGiphy-JGiphyTests/Pods-JGiphy-JGiphyTests-frameworks-${CONFIGURATION}-output-files.xcfilelist",
			);
			runOnlyForDeploymentPostprocessing = 0;
			shellPath = /bin/sh;
			shellScript = "\"${PODS_ROOT}/Target Support Files/Pods-JGiphy-JGiphyTests/Pods-JGiphy-JGiphyTests-frameworks.sh\"\n";
			showEnvVarsInLog = 0;
		};
		49D8A284E81E9741A7718D85 /* [CP] Check Pods Manifest.lock */ = {
			isa = PBXShellScriptBuildPhase;
			buildActionMask = 2147483647;
			files = (
			);
			inputFileListPaths = (
			);
			inputPaths = (
				"${PODS_PODFILE_DIR_PATH}/Podfile.lock",
				"${PODS_ROOT}/Manifest.lock",
			);
			name = "[CP] Check Pods Manifest.lock";
			outputFileListPaths = (
			);
			outputPaths = (
				"$(DERIVED_FILE_DIR)/Pods-JGiphy-checkManifestLockResult.txt",
			);
			runOnlyForDeploymentPostprocessing = 0;
			shellPath = /bin/sh;
			shellScript = "diff \"${PODS_PODFILE_DIR_PATH}/Podfile.lock\" \"${PODS_ROOT}/Manifest.lock\" > /dev/null\nif [ $? != 0 ] ; then\n    # print error to STDERR\n    echo \"error: The sandbox is not in sync with the Podfile.lock. Run 'pod install' or update your CocoaPods installation.\" >&2\n    exit 1\nfi\n# This output is used by Xcode 'outputs' to avoid re-running this script phase.\necho \"SUCCESS\" > \"${SCRIPT_OUTPUT_FILE_0}\"\n";
			showEnvVarsInLog = 0;
		};
		9B1BD4E68EE4499CF0CF6A20 /* [CP] Embed Pods Frameworks */ = {
			isa = PBXShellScriptBuildPhase;
			buildActionMask = 2147483647;
			files = (
			);
			inputFileListPaths = (
				"${PODS_ROOT}/Target Support Files/Pods-JGiphy/Pods-JGiphy-frameworks-${CONFIGURATION}-input-files.xcfilelist",
			);
			name = "[CP] Embed Pods Frameworks";
			outputFileListPaths = (
				"${PODS_ROOT}/Target Support Files/Pods-JGiphy/Pods-JGiphy-frameworks-${CONFIGURATION}-output-files.xcfilelist",
			);
			runOnlyForDeploymentPostprocessing = 0;
			shellPath = /bin/sh;
			shellScript = "\"${PODS_ROOT}/Target Support Files/Pods-JGiphy/Pods-JGiphy-frameworks.sh\"\n";
			showEnvVarsInLog = 0;
		};
		A8E16838829078D43DC60CBA /* [CP] Check Pods Manifest.lock */ = {
			isa = PBXShellScriptBuildPhase;
			buildActionMask = 2147483647;
			files = (
			);
			inputFileListPaths = (
			);
			inputPaths = (
				"${PODS_PODFILE_DIR_PATH}/Podfile.lock",
				"${PODS_ROOT}/Manifest.lock",
			);
			name = "[CP] Check Pods Manifest.lock";
			outputFileListPaths = (
			);
			outputPaths = (
				"$(DERIVED_FILE_DIR)/Pods-JGiphy-JGiphyTests-checkManifestLockResult.txt",
			);
			runOnlyForDeploymentPostprocessing = 0;
			shellPath = /bin/sh;
			shellScript = "diff \"${PODS_PODFILE_DIR_PATH}/Podfile.lock\" \"${PODS_ROOT}/Manifest.lock\" > /dev/null\nif [ $? != 0 ] ; then\n    # print error to STDERR\n    echo \"error: The sandbox is not in sync with the Podfile.lock. Run 'pod install' or update your CocoaPods installation.\" >&2\n    exit 1\nfi\n# This output is used by Xcode 'outputs' to avoid re-running this script phase.\necho \"SUCCESS\" > \"${SCRIPT_OUTPUT_FILE_0}\"\n";
			showEnvVarsInLog = 0;
		};
/* End PBXShellScriptBuildPhase section */

/* Begin PBXSourcesBuildPhase section */
		9CCFCB282AAA4EE100071C69 /* Sources */ = {
			isa = PBXSourcesBuildPhase;
			buildActionMask = 2147483647;
			files = (
				9C287AE42AAA77350010753D /* RandomRepository.swift in Sources */,
				9C287AFD2AAA87920010753D /* GIFView.swift in Sources */,
				9C6634732AAA6BCF00DF925A /* GIFModel.swift in Sources */,
				9C92C38C2AADC21000A44E80 /* SearchController.swift in Sources */,
				9C92C38E2AADC78000A44E80 /* FirstState.swift in Sources */,
				9CCCE5682AACBD890072FE6C /* RatingView.swift in Sources */,
				9CEAF6692AAC48630013D5C1 /* GIFViewModel.swift in Sources */,
				9CCFCB342AAA4EE100071C69 /* FirstViewController.swift in Sources */,
				9CCCE57E2AACEFB30072FE6C /* String+Extension.swift in Sources */,
				9CCCE56A2AACD4F90072FE6C /* SearchInteractor.swift in Sources */,
				9C287AF42AAA85560010753D /* SearchRepository.swift in Sources */,
				9C287AE62AAA78020010753D /* Resquestable.swift in Sources */,
				9C287AFF2AAA89B20010753D /* DesignSystem.swift in Sources */,
				9CCCE5742AACD8ED0072FE6C /* GIFCollectionView.swift in Sources */,
				9CCCE5762AACE37E0072FE6C /* GIFCollectionViewCell.swift in Sources */,
				9C6634752AAA6CEE00DF925A /* MediaModel.swift in Sources */,
				9C287AF02AAA83330010753D /* RandomResponse.swift in Sources */,
				9C287AF22AAA85320010753D /* SearchResponse.swift in Sources */,
				9CC02D172AAF798D00CB87BA /* DetailPresenter.swift in Sources */,
				9CCCE57A2AACE8450072FE6C /* Array+Extension.swift in Sources */,
				9CCFCB302AAA4EE100071C69 /* AppDelegate.swift in Sources */,
				9C66346E2AAA54C700DF925A /* RouterProtocol.swift in Sources */,
				9C287AE92AAA78520010753D /* API.swift in Sources */,
				9CEAF65E2AAC3F060013D5C1 /* FirstPresenter.swift in Sources */,
				9CCCE57C2AACEEF60072FE6C /* MediaViewModel.swift in Sources */,
				9C66346C2AAA54A200DF925A /* MainRouter.swift in Sources */,
				9CC02D192AAF799700CB87BA /* DetailViewController.swift in Sources */,
				9CEAF6612AAC3F9E0013D5C1 /* RandomInteractor.swift in Sources */,
				9C287AF82AAA870F0010753D /* ViewCodable.swift in Sources */,
			);
			runOnlyForDeploymentPostprocessing = 0;
		};
		9CCFCB3E2AAA4EE200071C69 /* Sources */ = {
			isa = PBXSourcesBuildPhase;
			buildActionMask = 2147483647;
			files = (
				9C92C3932AADEC4500A44E80 /* FirstViewControllerTest.swift in Sources */,
				9CEAF6762AAC59F80013D5C1 /* GIFModelStub.swift in Sources */,
				9CC02D1B2AAF80E900CB87BA /* FakeFirstPresenterDelegate.swift in Sources */,
				9C287AEE2AAA7E2F0010753D /* RandomRepositoryTest.swift in Sources */,
				9CCCE5712AACD6AB0072FE6C /* FakeSearchInteractor.swift in Sources */,
				9C92C3902AADD48400A44E80 /* XCTestCase+Extension.swift in Sources */,
				9CEAF6782AAC5A330013D5C1 /* MediaModelStub.swift in Sources */,
				9C667DD22AAF86F5004DB832 /* JSONFile.swift in Sources */,
				9C667DD62AAF899E004DB832 /* SearchResponseTest.swift in Sources */,
				9CEAF6802AAC74150013D5C1 /* FakeRandomInteractor.swift in Sources */,
				9CEAF6872AAC75180013D5C1 /* FirstPresenterTest.swift in Sources */,
				9CCCE56C2AACD6050072FE6C /* SearchInteractorTest.swift in Sources */,
				9C92C3952AADEC9B00A44E80 /* FakeFirstPresenter.swift in Sources */,
				9C7306AC2AACF67200BC8290 /* MediaViewModelStub.swift in Sources */,
				9CEAF66C2AAC54110013D5C1 /* RandomInteractorTest.swift in Sources */,
				9CEAF67C2AAC5B5D0013D5C1 /* FakeRequestable.swift in Sources */,
				9C667DD42AAF8722004DB832 /* FileRepository.swift in Sources */,
				9CCFCB472AAA4EE200071C69 /* RandomResponseTests.swift in Sources */,
				9C287AF62AAA85A50010753D /* SearchRepositoryTest.swift in Sources */,
				9CEAF6822AAC74850013D5C1 /* GIFViewModelStub.swift in Sources */,
				9CEAF6712AAC59270013D5C1 /* FakeRandomRepository.swift in Sources */,
				9CEAF68D2AAC78010013D5C1 /* GIFViewTest.swift in Sources */,
				9CCCE5722AACD6AB0072FE6C /* FakeSearchRepository.swift in Sources */,
			);
			runOnlyForDeploymentPostprocessing = 0;
		};
/* End PBXSourcesBuildPhase section */

/* Begin PBXTargetDependency section */
		9CCFCB442AAA4EE200071C69 /* PBXTargetDependency */ = {
			isa = PBXTargetDependency;
			target = 9CCFCB2B2AAA4EE100071C69 /* JGiphy */;
			targetProxy = 9CCFCB432AAA4EE200071C69 /* PBXContainerItemProxy */;
		};
/* End PBXTargetDependency section */

/* Begin PBXVariantGroup section */
		9CCFCB3A2AAA4EE200071C69 /* LaunchScreen.storyboard */ = {
			isa = PBXVariantGroup;
			children = (
				9CCFCB3B2AAA4EE200071C69 /* Base */,
			);
			name = LaunchScreen.storyboard;
			sourceTree = "<group>";
		};
/* End PBXVariantGroup section */

/* Begin XCBuildConfiguration section */
		9CCFCB542AAA4EE200071C69 /* Debug */ = {
			isa = XCBuildConfiguration;
			buildSettings = {
				ALWAYS_SEARCH_USER_PATHS = NO;
				CLANG_ANALYZER_NONNULL = YES;
				CLANG_ANALYZER_NUMBER_OBJECT_CONVERSION = YES_AGGRESSIVE;
				CLANG_CXX_LANGUAGE_STANDARD = "gnu++20";
				CLANG_ENABLE_MODULES = YES;
				CLANG_ENABLE_OBJC_ARC = YES;
				CLANG_ENABLE_OBJC_WEAK = YES;
				CLANG_WARN_BLOCK_CAPTURE_AUTORELEASING = YES;
				CLANG_WARN_BOOL_CONVERSION = YES;
				CLANG_WARN_COMMA = YES;
				CLANG_WARN_CONSTANT_CONVERSION = YES;
				CLANG_WARN_DEPRECATED_OBJC_IMPLEMENTATIONS = YES;
				CLANG_WARN_DIRECT_OBJC_ISA_USAGE = YES_ERROR;
				CLANG_WARN_DOCUMENTATION_COMMENTS = YES;
				CLANG_WARN_EMPTY_BODY = YES;
				CLANG_WARN_ENUM_CONVERSION = YES;
				CLANG_WARN_INFINITE_RECURSION = YES;
				CLANG_WARN_INT_CONVERSION = YES;
				CLANG_WARN_NON_LITERAL_NULL_CONVERSION = YES;
				CLANG_WARN_OBJC_IMPLICIT_RETAIN_SELF = YES;
				CLANG_WARN_OBJC_LITERAL_CONVERSION = YES;
				CLANG_WARN_OBJC_ROOT_CLASS = YES_ERROR;
				CLANG_WARN_QUOTED_INCLUDE_IN_FRAMEWORK_HEADER = YES;
				CLANG_WARN_RANGE_LOOP_ANALYSIS = YES;
				CLANG_WARN_STRICT_PROTOTYPES = YES;
				CLANG_WARN_SUSPICIOUS_MOVE = YES;
				CLANG_WARN_UNGUARDED_AVAILABILITY = YES_AGGRESSIVE;
				CLANG_WARN_UNREACHABLE_CODE = YES;
				CLANG_WARN__DUPLICATE_METHOD_MATCH = YES;
				COPY_PHASE_STRIP = NO;
				DEBUG_INFORMATION_FORMAT = dwarf;
				ENABLE_STRICT_OBJC_MSGSEND = YES;
				ENABLE_TESTABILITY = YES;
				GCC_C_LANGUAGE_STANDARD = gnu11;
				GCC_DYNAMIC_NO_PIC = NO;
				GCC_NO_COMMON_BLOCKS = YES;
				GCC_OPTIMIZATION_LEVEL = 0;
				GCC_PREPROCESSOR_DEFINITIONS = (
					"DEBUG=1",
					"$(inherited)",
				);
				GCC_WARN_64_TO_32_BIT_CONVERSION = YES;
				GCC_WARN_ABOUT_RETURN_TYPE = YES_ERROR;
				GCC_WARN_UNDECLARED_SELECTOR = YES;
				GCC_WARN_UNINITIALIZED_AUTOS = YES_AGGRESSIVE;
				GCC_WARN_UNUSED_FUNCTION = YES;
				GCC_WARN_UNUSED_VARIABLE = YES;
				IPHONEOS_DEPLOYMENT_TARGET = 16.4;
				MTL_ENABLE_DEBUG_INFO = INCLUDE_SOURCE;
				MTL_FAST_MATH = YES;
				ONLY_ACTIVE_ARCH = YES;
				SDKROOT = iphoneos;
				SWIFT_ACTIVE_COMPILATION_CONDITIONS = DEBUG;
				SWIFT_OPTIMIZATION_LEVEL = "-Onone";
			};
			name = Debug;
		};
		9CCFCB552AAA4EE200071C69 /* Release */ = {
			isa = XCBuildConfiguration;
			buildSettings = {
				ALWAYS_SEARCH_USER_PATHS = NO;
				CLANG_ANALYZER_NONNULL = YES;
				CLANG_ANALYZER_NUMBER_OBJECT_CONVERSION = YES_AGGRESSIVE;
				CLANG_CXX_LANGUAGE_STANDARD = "gnu++20";
				CLANG_ENABLE_MODULES = YES;
				CLANG_ENABLE_OBJC_ARC = YES;
				CLANG_ENABLE_OBJC_WEAK = YES;
				CLANG_WARN_BLOCK_CAPTURE_AUTORELEASING = YES;
				CLANG_WARN_BOOL_CONVERSION = YES;
				CLANG_WARN_COMMA = YES;
				CLANG_WARN_CONSTANT_CONVERSION = YES;
				CLANG_WARN_DEPRECATED_OBJC_IMPLEMENTATIONS = YES;
				CLANG_WARN_DIRECT_OBJC_ISA_USAGE = YES_ERROR;
				CLANG_WARN_DOCUMENTATION_COMMENTS = YES;
				CLANG_WARN_EMPTY_BODY = YES;
				CLANG_WARN_ENUM_CONVERSION = YES;
				CLANG_WARN_INFINITE_RECURSION = YES;
				CLANG_WARN_INT_CONVERSION = YES;
				CLANG_WARN_NON_LITERAL_NULL_CONVERSION = YES;
				CLANG_WARN_OBJC_IMPLICIT_RETAIN_SELF = YES;
				CLANG_WARN_OBJC_LITERAL_CONVERSION = YES;
				CLANG_WARN_OBJC_ROOT_CLASS = YES_ERROR;
				CLANG_WARN_QUOTED_INCLUDE_IN_FRAMEWORK_HEADER = YES;
				CLANG_WARN_RANGE_LOOP_ANALYSIS = YES;
				CLANG_WARN_STRICT_PROTOTYPES = YES;
				CLANG_WARN_SUSPICIOUS_MOVE = YES;
				CLANG_WARN_UNGUARDED_AVAILABILITY = YES_AGGRESSIVE;
				CLANG_WARN_UNREACHABLE_CODE = YES;
				CLANG_WARN__DUPLICATE_METHOD_MATCH = YES;
				COPY_PHASE_STRIP = NO;
				DEBUG_INFORMATION_FORMAT = "dwarf-with-dsym";
				ENABLE_NS_ASSERTIONS = NO;
				ENABLE_STRICT_OBJC_MSGSEND = YES;
				GCC_C_LANGUAGE_STANDARD = gnu11;
				GCC_NO_COMMON_BLOCKS = YES;
				GCC_WARN_64_TO_32_BIT_CONVERSION = YES;
				GCC_WARN_ABOUT_RETURN_TYPE = YES_ERROR;
				GCC_WARN_UNDECLARED_SELECTOR = YES;
				GCC_WARN_UNINITIALIZED_AUTOS = YES_AGGRESSIVE;
				GCC_WARN_UNUSED_FUNCTION = YES;
				GCC_WARN_UNUSED_VARIABLE = YES;
				IPHONEOS_DEPLOYMENT_TARGET = 16.4;
				MTL_ENABLE_DEBUG_INFO = NO;
				MTL_FAST_MATH = YES;
				SDKROOT = iphoneos;
				SWIFT_COMPILATION_MODE = wholemodule;
				SWIFT_OPTIMIZATION_LEVEL = "-O";
				VALIDATE_PRODUCT = YES;
			};
			name = Release;
		};
		9CCFCB572AAA4EE200071C69 /* Debug */ = {
			isa = XCBuildConfiguration;
			baseConfigurationReference = AA1ED14B8A726DE1BD3C3F71 /* Pods-JGiphy.debug.xcconfig */;
			buildSettings = {
				ASSETCATALOG_COMPILER_APPICON_NAME = AppIcon;
				ASSETCATALOG_COMPILER_GLOBAL_ACCENT_COLOR_NAME = AccentColor;
				CODE_SIGN_STYLE = Automatic;
				CURRENT_PROJECT_VERSION = 1;
				GENERATE_INFOPLIST_FILE = YES;
				INFOPLIST_FILE = JGiphy/Info.plist;
				INFOPLIST_KEY_CFBundleDisplayName = JGiphy;
				INFOPLIST_KEY_UIApplicationSupportsIndirectInputEvents = YES;
				INFOPLIST_KEY_UILaunchStoryboardName = LaunchScreen.storyboard;
				INFOPLIST_KEY_UIMainStoryboardFile = "";
				INFOPLIST_KEY_UISupportedInterfaceOrientations = "UIInterfaceOrientationLandscapeLeft UIInterfaceOrientationLandscapeRight UIInterfaceOrientationPortrait";
				INFOPLIST_KEY_UISupportedInterfaceOrientations_iPad = "UIInterfaceOrientationLandscapeLeft UIInterfaceOrientationLandscapeRight UIInterfaceOrientationPortrait UIInterfaceOrientationPortraitUpsideDown";
				IPHONEOS_DEPLOYMENT_TARGET = 13;
				LD_RUNPATH_SEARCH_PATHS = (
					"$(inherited)",
					"@executable_path/Frameworks",
				);
				MARKETING_VERSION = 1.0;
				PRODUCT_BUNDLE_IDENTIFIER = com.picnic.jgiphy.JGiphy;
				PRODUCT_NAME = "$(TARGET_NAME)";
				SUPPORTED_PLATFORMS = "iphoneos iphonesimulator";
				SUPPORTS_MACCATALYST = NO;
				SUPPORTS_MAC_DESIGNED_FOR_IPHONE_IPAD = NO;
				SWIFT_EMIT_LOC_STRINGS = YES;
				SWIFT_VERSION = 5.0;
				TARGETED_DEVICE_FAMILY = 1;
			};
			name = Debug;
		};
		9CCFCB582AAA4EE200071C69 /* Release */ = {
			isa = XCBuildConfiguration;
			baseConfigurationReference = FAE59969DFEF8FF4A3EF1419 /* Pods-JGiphy.release.xcconfig */;
			buildSettings = {
				ASSETCATALOG_COMPILER_APPICON_NAME = AppIcon;
				ASSETCATALOG_COMPILER_GLOBAL_ACCENT_COLOR_NAME = AccentColor;
				CODE_SIGN_STYLE = Automatic;
				CURRENT_PROJECT_VERSION = 1;
				GENERATE_INFOPLIST_FILE = YES;
				INFOPLIST_FILE = JGiphy/Info.plist;
				INFOPLIST_KEY_CFBundleDisplayName = JGiphy;
				INFOPLIST_KEY_UIApplicationSupportsIndirectInputEvents = YES;
				INFOPLIST_KEY_UILaunchStoryboardName = LaunchScreen.storyboard;
				INFOPLIST_KEY_UIMainStoryboardFile = "";
				INFOPLIST_KEY_UISupportedInterfaceOrientations = "UIInterfaceOrientationLandscapeLeft UIInterfaceOrientationLandscapeRight UIInterfaceOrientationPortrait";
				INFOPLIST_KEY_UISupportedInterfaceOrientations_iPad = "UIInterfaceOrientationLandscapeLeft UIInterfaceOrientationLandscapeRight UIInterfaceOrientationPortrait UIInterfaceOrientationPortraitUpsideDown";
				IPHONEOS_DEPLOYMENT_TARGET = 13;
				LD_RUNPATH_SEARCH_PATHS = (
					"$(inherited)",
					"@executable_path/Frameworks",
				);
				MARKETING_VERSION = 1.0;
				PRODUCT_BUNDLE_IDENTIFIER = com.picnic.jgiphy.JGiphy;
				PRODUCT_NAME = "$(TARGET_NAME)";
				SUPPORTED_PLATFORMS = "iphoneos iphonesimulator";
				SUPPORTS_MACCATALYST = NO;
				SUPPORTS_MAC_DESIGNED_FOR_IPHONE_IPAD = NO;
				SWIFT_EMIT_LOC_STRINGS = YES;
				SWIFT_VERSION = 5.0;
				TARGETED_DEVICE_FAMILY = 1;
			};
			name = Release;
		};
		9CCFCB5A2AAA4EE200071C69 /* Debug */ = {
			isa = XCBuildConfiguration;
			baseConfigurationReference = 63907F2E93CA7CF3DD882333 /* Pods-JGiphy-JGiphyTests.debug.xcconfig */;
			buildSettings = {
				ALWAYS_EMBED_SWIFT_STANDARD_LIBRARIES = YES;
				BUNDLE_LOADER = "$(TEST_HOST)";
				CODE_SIGN_STYLE = Automatic;
				CURRENT_PROJECT_VERSION = 1;
				GENERATE_INFOPLIST_FILE = YES;
				IPHONEOS_DEPLOYMENT_TARGET = 13;
				MARKETING_VERSION = 1.0;
				PRODUCT_BUNDLE_IDENTIFIER = com.picnic.jgiphy.JGiphyTests;
				PRODUCT_NAME = "$(TARGET_NAME)";
				SWIFT_EMIT_LOC_STRINGS = NO;
				SWIFT_VERSION = 5.0;
				TARGETED_DEVICE_FAMILY = "1,2";
				TEST_HOST = "$(BUILT_PRODUCTS_DIR)/JGiphy.app/$(BUNDLE_EXECUTABLE_FOLDER_PATH)/JGiphy";
			};
			name = Debug;
		};
		9CCFCB5B2AAA4EE200071C69 /* Release */ = {
			isa = XCBuildConfiguration;
			baseConfigurationReference = C5DF721AE86E13F0FBD21B45 /* Pods-JGiphy-JGiphyTests.release.xcconfig */;
			buildSettings = {
				ALWAYS_EMBED_SWIFT_STANDARD_LIBRARIES = YES;
				BUNDLE_LOADER = "$(TEST_HOST)";
				CODE_SIGN_STYLE = Automatic;
				CURRENT_PROJECT_VERSION = 1;
				GENERATE_INFOPLIST_FILE = YES;
				IPHONEOS_DEPLOYMENT_TARGET = 13;
				MARKETING_VERSION = 1.0;
				PRODUCT_BUNDLE_IDENTIFIER = com.picnic.jgiphy.JGiphyTests;
				PRODUCT_NAME = "$(TARGET_NAME)";
				SWIFT_EMIT_LOC_STRINGS = NO;
				SWIFT_VERSION = 5.0;
				TARGETED_DEVICE_FAMILY = "1,2";
				TEST_HOST = "$(BUILT_PRODUCTS_DIR)/JGiphy.app/$(BUNDLE_EXECUTABLE_FOLDER_PATH)/JGiphy";
			};
			name = Release;
		};
/* End XCBuildConfiguration section */

/* Begin XCConfigurationList section */
		9CCFCB272AAA4EE100071C69 /* Build configuration list for PBXProject "JGiphy" */ = {
			isa = XCConfigurationList;
			buildConfigurations = (
				9CCFCB542AAA4EE200071C69 /* Debug */,
				9CCFCB552AAA4EE200071C69 /* Release */,
			);
			defaultConfigurationIsVisible = 0;
			defaultConfigurationName = Release;
		};
		9CCFCB562AAA4EE200071C69 /* Build configuration list for PBXNativeTarget "JGiphy" */ = {
			isa = XCConfigurationList;
			buildConfigurations = (
				9CCFCB572AAA4EE200071C69 /* Debug */,
				9CCFCB582AAA4EE200071C69 /* Release */,
			);
			defaultConfigurationIsVisible = 0;
			defaultConfigurationName = Release;
		};
		9CCFCB592AAA4EE200071C69 /* Build configuration list for PBXNativeTarget "JGiphyTests" */ = {
			isa = XCConfigurationList;
			buildConfigurations = (
				9CCFCB5A2AAA4EE200071C69 /* Debug */,
				9CCFCB5B2AAA4EE200071C69 /* Release */,
			);
			defaultConfigurationIsVisible = 0;
			defaultConfigurationName = Release;
		};
/* End XCConfigurationList section */
	};
	rootObject = 9CCFCB242AAA4EE100071C69 /* Project object */;
}
